// !$*UTF8*$!
{
	archiveVersion = 1;
	classes = {
	};
	objectVersion = 56;
	objects = {

/* Begin PBXBuildFile section */
		C2E6B1192A20D6B5000CFB73 /* AppDelegate.swift in Sources */ = {isa = PBXBuildFile; fileRef = C2E6B1182A20D6B5000CFB73 /* AppDelegate.swift */; };
		C2E6B11B2A20D6B5000CFB73 /* SceneDelegate.swift in Sources */ = {isa = PBXBuildFile; fileRef = C2E6B11A2A20D6B5000CFB73 /* SceneDelegate.swift */; };
		C2E6B11D2A20D6B5000CFB73 /* ViewController.swift in Sources */ = {isa = PBXBuildFile; fileRef = C2E6B11C2A20D6B5000CFB73 /* ViewController.swift */; };
		C2E6B1202A20D6B5000CFB73 /* Main.storyboard in Resources */ = {isa = PBXBuildFile; fileRef = C2E6B11E2A20D6B5000CFB73 /* Main.storyboard */; };
		C2E6B1222A20D6B6000CFB73 /* Assets.xcassets in Resources */ = {isa = PBXBuildFile; fileRef = C2E6B1212A20D6B6000CFB73 /* Assets.xcassets */; };
		C2E6B1252A20D6B6000CFB73 /* LaunchScreen.storyboard in Resources */ = {isa = PBXBuildFile; fileRef = C2E6B1232A20D6B6000CFB73 /* LaunchScreen.storyboard */; };
		C2E6B1302A20D6B6000CFB73 /* GitHubExampleTests.swift in Sources */ = {isa = PBXBuildFile; fileRef = C2E6B12F2A20D6B6000CFB73 /* GitHubExampleTests.swift */; };
		C2E6B13A2A20D6B6000CFB73 /* GitHubExampleUITests.swift in Sources */ = {isa = PBXBuildFile; fileRef = C2E6B1392A20D6B6000CFB73 /* GitHubExampleUITests.swift */; };
		C2E6B13C2A20D6B6000CFB73 /* GitHubExampleUITestsLaunchTests.swift in Sources */ = {isa = PBXBuildFile; fileRef = C2E6B13B2A20D6B6000CFB73 /* GitHubExampleUITestsLaunchTests.swift */; };
/* End PBXBuildFile section */

/* Begin PBXContainerItemProxy section */
		C2E6B12C2A20D6B6000CFB73 /* PBXContainerItemProxy */ = {
			isa = PBXContainerItemProxy;
			containerPortal = C2E6B10D2A20D6B5000CFB73 /* Project object */;
			proxyType = 1;
			remoteGlobalIDString = C2E6B1142A20D6B5000CFB73;
			remoteInfo = GitHubExample;
		};
		C2E6B1362A20D6B6000CFB73 /* PBXContainerItemProxy */ = {
			isa = PBXContainerItemProxy;
			containerPortal = C2E6B10D2A20D6B5000CFB73 /* Project object */;
			proxyType = 1;
			remoteGlobalIDString = C2E6B1142A20D6B5000CFB73;
			remoteInfo = GitHubExample;
		};
/* End PBXContainerItemProxy section */

/* Begin PBXFileReference section */
		C2E6B1152A20D6B5000CFB73 /* GitHubExample.app */ = {isa = PBXFileReference; explicitFileType = wrapper.application; includeInIndex = 0; path = GitHubExample.app; sourceTree = BUILT_PRODUCTS_DIR; };
		C2E6B1182A20D6B5000CFB73 /* AppDelegate.swift */ = {isa = PBXFileReference; lastKnownFileType = sourcecode.swift; path = AppDelegate.swift; sourceTree = "<group>"; };
		C2E6B11A2A20D6B5000CFB73 /* SceneDelegate.swift */ = {isa = PBXFileReference; lastKnownFileType = sourcecode.swift; path = SceneDelegate.swift; sourceTree = "<group>"; };
		C2E6B11C2A20D6B5000CFB73 /* ViewController.swift */ = {isa = PBXFileReference; lastKnownFileType = sourcecode.swift; path = ViewController.swift; sourceTree = "<group>"; };
		C2E6B11F2A20D6B5000CFB73 /* Base */ = {isa = PBXFileReference; lastKnownFileType = file.storyboard; name = Base; path = Base.lproj/Main.storyboard; sourceTree = "<group>"; };
		C2E6B1212A20D6B6000CFB73 /* Assets.xcassets */ = {isa = PBXFileReference; lastKnownFileType = folder.assetcatalog; path = Assets.xcassets; sourceTree = "<group>"; };
		C2E6B1242A20D6B6000CFB73 /* Base */ = {isa = PBXFileReference; lastKnownFileType = file.storyboard; name = Base; path = Base.lproj/LaunchScreen.storyboard; sourceTree = "<group>"; };
		C2E6B1262A20D6B6000CFB73 /* Info.plist */ = {isa = PBXFileReference; lastKnownFileType = text.plist.xml; path = Info.plist; sourceTree = "<group>"; };
		C2E6B12B2A20D6B6000CFB73 /* GitHubExampleTests.xctest */ = {isa = PBXFileReference; explicitFileType = wrapper.cfbundle; includeInIndex = 0; path = GitHubExampleTests.xctest; sourceTree = BUILT_PRODUCTS_DIR; };
		C2E6B12F2A20D6B6000CFB73 /* GitHubExampleTests.swift */ = {isa = PBXFileReference; lastKnownFileType = sourcecode.swift; path = GitHubExampleTests.swift; sourceTree = "<group>"; };
		C2E6B1352A20D6B6000CFB73 /* GitHubExampleUITests.xctest */ = {isa = PBXFileReference; explicitFileType = wrapper.cfbundle; includeInIndex = 0; path = GitHubExampleUITests.xctest; sourceTree = BUILT_PRODUCTS_DIR; };
		C2E6B1392A20D6B6000CFB73 /* GitHubExampleUITests.swift */ = {isa = PBXFileReference; lastKnownFileType = sourcecode.swift; path = GitHubExampleUITests.swift; sourceTree = "<group>"; };
		C2E6B13B2A20D6B6000CFB73 /* GitHubExampleUITestsLaunchTests.swift */ = {isa = PBXFileReference; lastKnownFileType = sourcecode.swift; path = GitHubExampleUITestsLaunchTests.swift; sourceTree = "<group>"; };
/* End PBXFileReference section */

/* Begin PBXFrameworksBuildPhase section */
		C2E6B1122A20D6B5000CFB73 /* Frameworks */ = {
			isa = PBXFrameworksBuildPhase;
			buildActionMask = 2147483647;
			files = (
			);
			runOnlyForDeploymentPostprocessing = 0;
		};
		C2E6B1282A20D6B6000CFB73 /* Frameworks */ = {
			isa = PBXFrameworksBuildPhase;
			buildActionMask = 2147483647;
			files = (
			);
			runOnlyForDeploymentPostprocessing = 0;
		};
		C2E6B1322A20D6B6000CFB73 /* Frameworks */ = {
			isa = PBXFrameworksBuildPhase;
			buildActionMask = 2147483647;
			files = (
			);
			runOnlyForDeploymentPostprocessing = 0;
		};
/* End PBXFrameworksBuildPhase section */

/* Begin PBXGroup section */
		C2E6B10C2A20D6B5000CFB73 = {
			isa = PBXGroup;
			children = (
				C2E6B1172A20D6B5000CFB73 /* GitHubExample */,
				C2E6B12E2A20D6B6000CFB73 /* GitHubExampleTests */,
				C2E6B1382A20D6B6000CFB73 /* GitHubExampleUITests */,
				C2E6B1162A20D6B5000CFB73 /* Products */,
			);
			sourceTree = "<group>";
		};
		C2E6B1162A20D6B5000CFB73 /* Products */ = {
			isa = PBXGroup;
			children = (
				C2E6B1152A20D6B5000CFB73 /* GitHubExample.app */,
				C2E6B12B2A20D6B6000CFB73 /* GitHubExampleTests.xctest */,
				C2E6B1352A20D6B6000CFB73 /* GitHubExampleUITests.xctest */,
			);
			name = Products;
			sourceTree = "<group>";
		};
		C2E6B1172A20D6B5000CFB73 /* GitHubExample */ = {
			isa = PBXGroup;
			children = (
				C2E6B1182A20D6B5000CFB73 /* AppDelegate.swift */,
				C2E6B11A2A20D6B5000CFB73 /* SceneDelegate.swift */,
				C2E6B11C2A20D6B5000CFB73 /* ViewController.swift */,
				C2E6B11E2A20D6B5000CFB73 /* Main.storyboard */,
				C2E6B1212A20D6B6000CFB73 /* Assets.xcassets */,
				C2E6B1232A20D6B6000CFB73 /* LaunchScreen.storyboard */,
				C2E6B1262A20D6B6000CFB73 /* Info.plist */,
			);
			path = GitHubExample;
			sourceTree = "<group>";
		};
		C2E6B12E2A20D6B6000CFB73 /* GitHubExampleTests */ = {
			isa = PBXGroup;
			children = (
				C2E6B12F2A20D6B6000CFB73 /* GitHubExampleTests.swift */,
			);
			path = GitHubExampleTests;
			sourceTree = "<group>";
		};
		C2E6B1382A20D6B6000CFB73 /* GitHubExampleUITests */ = {
			isa = PBXGroup;
			children = (
				C2E6B1392A20D6B6000CFB73 /* GitHubExampleUITests.swift */,
				C2E6B13B2A20D6B6000CFB73 /* GitHubExampleUITestsLaunchTests.swift */,
			);
			path = GitHubExampleUITests;
			sourceTree = "<group>";
		};
/* End PBXGroup section */

/* Begin PBXNativeTarget section */
		C2E6B1142A20D6B5000CFB73 /* GitHubExample */ = {
			isa = PBXNativeTarget;
			buildConfigurationList = C2E6B13F2A20D6B6000CFB73 /* Build configuration list for PBXNativeTarget "GitHubExample" */;
			buildPhases = (
				C2E6B1112A20D6B5000CFB73 /* Sources */,
				C2E6B1122A20D6B5000CFB73 /* Frameworks */,
				C2E6B1132A20D6B5000CFB73 /* Resources */,
			);
			buildRules = (
			);
			dependencies = (
			);
			name = GitHubExample;
			productName = GitHubExample;
			productReference = C2E6B1152A20D6B5000CFB73 /* GitHubExample.app */;
			productType = "com.apple.product-type.application";
		};
		C2E6B12A2A20D6B6000CFB73 /* GitHubExampleTests */ = {
			isa = PBXNativeTarget;
			buildConfigurationList = C2E6B1422A20D6B6000CFB73 /* Build configuration list for PBXNativeTarget "GitHubExampleTests" */;
			buildPhases = (
				C2E6B1272A20D6B6000CFB73 /* Sources */,
				C2E6B1282A20D6B6000CFB73 /* Frameworks */,
				C2E6B1292A20D6B6000CFB73 /* Resources */,
			);
			buildRules = (
			);
			dependencies = (
				C2E6B12D2A20D6B6000CFB73 /* PBXTargetDependency */,
			);
			name = GitHubExampleTests;
			productName = GitHubExampleTests;
			productReference = C2E6B12B2A20D6B6000CFB73 /* GitHubExampleTests.xctest */;
			productType = "com.apple.product-type.bundle.unit-test";
		};
		C2E6B1342A20D6B6000CFB73 /* GitHubExampleUITests */ = {
			isa = PBXNativeTarget;
			buildConfigurationList = C2E6B1452A20D6B6000CFB73 /* Build configuration list for PBXNativeTarget "GitHubExampleUITests" */;
			buildPhases = (
				C2E6B1312A20D6B6000CFB73 /* Sources */,
				C2E6B1322A20D6B6000CFB73 /* Frameworks */,
				C2E6B1332A20D6B6000CFB73 /* Resources */,
			);
			buildRules = (
			);
			dependencies = (
				C2E6B1372A20D6B6000CFB73 /* PBXTargetDependency */,
			);
			name = GitHubExampleUITests;
			productName = GitHubExampleUITests;
			productReference = C2E6B1352A20D6B6000CFB73 /* GitHubExampleUITests.xctest */;
			productType = "com.apple.product-type.bundle.ui-testing";
		};
/* End PBXNativeTarget section */

/* Begin PBXProject section */
		C2E6B10D2A20D6B5000CFB73 /* Project object */ = {
			isa = PBXProject;
			attributes = {
				BuildIndependentTargetsInParallel = 1;
				LastSwiftUpdateCheck = 1420;
				LastUpgradeCheck = 1420;
				TargetAttributes = {
					C2E6B1142A20D6B5000CFB73 = {
						CreatedOnToolsVersion = 14.2;
					};
					C2E6B12A2A20D6B6000CFB73 = {
						CreatedOnToolsVersion = 14.2;
						TestTargetID = C2E6B1142A20D6B5000CFB73;
					};
					C2E6B1342A20D6B6000CFB73 = {
						CreatedOnToolsVersion = 14.2;
						TestTargetID = C2E6B1142A20D6B5000CFB73;
					};
				};
			};
			buildConfigurationList = C2E6B1102A20D6B5000CFB73 /* Build configuration list for PBXProject "GitHubExample" */;
			compatibilityVersion = "Xcode 14.0";
			developmentRegion = en;
			hasScannedForEncodings = 0;
			knownRegions = (
				en,
				Base,
			);
			mainGroup = C2E6B10C2A20D6B5000CFB73;
			productRefGroup = C2E6B1162A20D6B5000CFB73 /* Products */;
			projectDirPath = "";
			projectRoot = "";
			targets = (
				C2E6B1142A20D6B5000CFB73 /* GitHubExample */,
				C2E6B12A2A20D6B6000CFB73 /* GitHubExampleTests */,
				C2E6B1342A20D6B6000CFB73 /* GitHubExampleUITests */,
			);
		};
/* End PBXProject section */

/* Begin PBXResourcesBuildPhase section */
		C2E6B1132A20D6B5000CFB73 /* Resources */ = {
			isa = PBXResourcesBuildPhase;
			buildActionMask = 2147483647;
			files = (
				C2E6B1252A20D6B6000CFB73 /* LaunchScreen.storyboard in Resources */,
				C2E6B1222A20D6B6000CFB73 /* Assets.xcassets in Resources */,
				C2E6B1202A20D6B5000CFB73 /* Main.storyboard in Resources */,
			);
			runOnlyForDeploymentPostprocessing = 0;
		};
		C2E6B1292A20D6B6000CFB73 /* Resources */ = {
			isa = PBXResourcesBuildPhase;
			buildActionMask = 2147483647;
			files = (
			);
			runOnlyForDeploymentPostprocessing = 0;
		};
		C2E6B1332A20D6B6000CFB73 /* Resources */ = {
			isa = PBXResourcesBuildPhase;
			buildActionMask = 2147483647;
			files = (
			);
			runOnlyForDeploymentPostprocessing = 0;
		};
/* End PBXResourcesBuildPhase section */

/* Begin PBXSourcesBuildPhase section */
		C2E6B1112A20D6B5000CFB73 /* Sources */ = {
			isa = PBXSourcesBuildPhase;
			buildActionMask = 2147483647;
			files = (
				C2E6B11D2A20D6B5000CFB73 /* ViewController.swift in Sources */,
				C2E6B1192A20D6B5000CFB73 /* AppDelegate.swift in Sources */,
				C2E6B11B2A20D6B5000CFB73 /* SceneDelegate.swift in Sources */,
			);
			runOnlyForDeploymentPostprocessing = 0;
		};
		C2E6B1272A20D6B6000CFB73 /* Sources */ = {
			isa = PBXSourcesBuildPhase;
			buildActionMask = 2147483647;
			files = (
				C2E6B1302A20D6B6000CFB73 /* GitHubExampleTests.swift in Sources */,
			);
			runOnlyForDeploymentPostprocessing = 0;
		};
		C2E6B1312A20D6B6000CFB73 /* Sources */ = {
			isa = PBXSourcesBuildPhase;
			buildActionMask = 2147483647;
			files = (
				C2E6B13C2A20D6B6000CFB73 /* GitHubExampleUITestsLaunchTests.swift in Sources */,
				C2E6B13A2A20D6B6000CFB73 /* GitHubExampleUITests.swift in Sources */,
			);
			runOnlyForDeploymentPostprocessing = 0;
		};
/* End PBXSourcesBuildPhase section */

/* Begin PBXTargetDependency section */
		C2E6B12D2A20D6B6000CFB73 /* PBXTargetDependency */ = {
			isa = PBXTargetDependency;
			target = C2E6B1142A20D6B5000CFB73 /* GitHubExample */;
			targetProxy = C2E6B12C2A20D6B6000CFB73 /* PBXContainerItemProxy */;
		};
		C2E6B1372A20D6B6000CFB73 /* PBXTargetDependency */ = {
			isa = PBXTargetDependency;
			target = C2E6B1142A20D6B5000CFB73 /* GitHubExample */;
			targetProxy = C2E6B1362A20D6B6000CFB73 /* PBXContainerItemProxy */;
		};
/* End PBXTargetDependency section */

/* Begin PBXVariantGroup section */
		C2E6B11E2A20D6B5000CFB73 /* Main.storyboard */ = {
			isa = PBXVariantGroup;
			children = (
				C2E6B11F2A20D6B5000CFB73 /* Base */,
			);
			name = Main.storyboard;
			sourceTree = "<group>";
		};
		C2E6B1232A20D6B6000CFB73 /* LaunchScreen.storyboard */ = {
			isa = PBXVariantGroup;
			children = (
				C2E6B1242A20D6B6000CFB73 /* Base */,
			);
			name = LaunchScreen.storyboard;
			sourceTree = "<group>";
		};
/* End PBXVariantGroup section */

/* Begin XCBuildConfiguration section */
		C2E6B13D2A20D6B6000CFB73 /* Debug */ = {
			isa = XCBuildConfiguration;
			buildSettings = {
				ALWAYS_SEARCH_USER_PATHS = NO;
				CLANG_ANALYZER_NONNULL = YES;
				CLANG_ANALYZER_NUMBER_OBJECT_CONVERSION = YES_AGGRESSIVE;
				CLANG_CXX_LANGUAGE_STANDARD = "gnu++20";
				CLANG_ENABLE_MODULES = YES;
				CLANG_ENABLE_OBJC_ARC = YES;
				CLANG_ENABLE_OBJC_WEAK = YES;
				CLANG_WARN_BLOCK_CAPTURE_AUTORELEASING = YES;
				CLANG_WARN_BOOL_CONVERSION = YES;
				CLANG_WARN_COMMA = YES;
				CLANG_WARN_CONSTANT_CONVERSION = YES;
				CLANG_WARN_DEPRECATED_OBJC_IMPLEMENTATIONS = YES;
				CLANG_WARN_DIRECT_OBJC_ISA_USAGE = YES_ERROR;
				CLANG_WARN_DOCUMENTATION_COMMENTS = YES;
				CLANG_WARN_EMPTY_BODY = YES;
				CLANG_WARN_ENUM_CONVERSION = YES;
				CLANG_WARN_INFINITE_RECURSION = YES;
				CLANG_WARN_INT_CONVERSION = YES;
				CLANG_WARN_NON_LITERAL_NULL_CONVERSION = YES;
				CLANG_WARN_OBJC_IMPLICIT_RETAIN_SELF = YES;
				CLANG_WARN_OBJC_LITERAL_CONVERSION = YES;
				CLANG_WARN_OBJC_ROOT_CLASS = YES_ERROR;
				CLANG_WARN_QUOTED_INCLUDE_IN_FRAMEWORK_HEADER = YES;
				CLANG_WARN_RANGE_LOOP_ANALYSIS = YES;
				CLANG_WARN_STRICT_PROTOTYPES = YES;
				CLANG_WARN_SUSPICIOUS_MOVE = YES;
				CLANG_WARN_UNGUARDED_AVAILABILITY = YES_AGGRESSIVE;
				CLANG_WARN_UNREACHABLE_CODE = YES;
				CLANG_WARN__DUPLICATE_METHOD_MATCH = YES;
				COPY_PHASE_STRIP = NO;
				DEBUG_INFORMATION_FORMAT = dwarf;
				ENABLE_STRICT_OBJC_MSGSEND = YES;
				ENABLE_TESTABILITY = YES;
				GCC_C_LANGUAGE_STANDARD = gnu11;
				GCC_DYNAMIC_NO_PIC = NO;
				GCC_NO_COMMON_BLOCKS = YES;
				GCC_OPTIMIZATION_LEVEL = 0;
				GCC_PREPROCESSOR_DEFINITIONS = (
					"DEBUG=1",
					"$(inherited)",
				);
				GCC_WARN_64_TO_32_BIT_CONVERSION = YES;
				GCC_WARN_ABOUT_RETURN_TYPE = YES_ERROR;
				GCC_WARN_UNDECLARED_SELECTOR = YES;
				GCC_WARN_UNINITIALIZED_AUTOS = YES_AGGRESSIVE;
				GCC_WARN_UNUSED_FUNCTION = YES;
				GCC_WARN_UNUSED_VARIABLE = YES;
				IPHONEOS_DEPLOYMENT_TARGET = 16.2;
				MTL_ENABLE_DEBUG_INFO = INCLUDE_SOURCE;
				MTL_FAST_MATH = YES;
				ONLY_ACTIVE_ARCH = YES;
				SDKROOT = iphoneos;
				SWIFT_ACTIVE_COMPILATION_CONDITIONS = DEBUG;
				SWIFT_OPTIMIZATION_LEVEL = "-Onone";
			};
			name = Debug;
		};
		C2E6B13E2A20D6B6000CFB73 /* Release */ = {
			isa = XCBuildConfiguration;
			buildSettings = {
				ALWAYS_SEARCH_USER_PATHS = NO;
				CLANG_ANALYZER_NONNULL = YES;
				CLANG_ANALYZER_NUMBER_OBJECT_CONVERSION = YES_AGGRESSIVE;
				CLANG_CXX_LANGUAGE_STANDARD = "gnu++20";
				CLANG_ENABLE_MODULES = YES;
				CLANG_ENABLE_OBJC_ARC = YES;
				CLANG_ENABLE_OBJC_WEAK = YES;
				CLANG_WARN_BLOCK_CAPTURE_AUTORELEASING = YES;
				CLANG_WARN_BOOL_CONVERSION = YES;
				CLANG_WARN_COMMA = YES;
				CLANG_WARN_CONSTANT_CONVERSION = YES;
				CLANG_WARN_DEPRECATED_OBJC_IMPLEMENTATIONS = YES;
				CLANG_WARN_DIRECT_OBJC_ISA_USAGE = YES_ERROR;
				CLANG_WARN_DOCUMENTATION_COMMENTS = YES;
				CLANG_WARN_EMPTY_BODY = YES;
				CLANG_WARN_ENUM_CONVERSION = YES;
				CLANG_WARN_INFINITE_RECURSION = YES;
				CLANG_WARN_INT_CONVERSION = YES;
				CLANG_WARN_NON_LITERAL_NULL_CONVERSION = YES;
				CLANG_WARN_OBJC_IMPLICIT_RETAIN_SELF = YES;
				CLANG_WARN_OBJC_LITERAL_CONVERSION = YES;
				CLANG_WARN_OBJC_ROOT_CLASS = YES_ERROR;
				CLANG_WARN_QUOTED_INCLUDE_IN_FRAMEWORK_HEADER = YES;
				CLANG_WARN_RANGE_LOOP_ANALYSIS = YES;
				CLANG_WARN_STRICT_PROTOTYPES = YES;
				CLANG_WARN_SUSPICIOUS_MOVE = YES;
				CLANG_WARN_UNGUARDED_AVAILABILITY = YES_AGGRESSIVE;
				CLANG_WARN_UNREACHABLE_CODE = YES;
				CLANG_WARN__DUPLICATE_METHOD_MATCH = YES;
				COPY_PHASE_STRIP = NO;
				DEBUG_INFORMATION_FORMAT = "dwarf-with-dsym";
				ENABLE_NS_ASSERTIONS = NO;
				ENABLE_STRICT_OBJC_MSGSEND = YES;
				GCC_C_LANGUAGE_STANDARD = gnu11;
				GCC_NO_COMMON_BLOCKS = YES;
				GCC_WARN_64_TO_32_BIT_CONVERSION = YES;
				GCC_WARN_ABOUT_RETURN_TYPE = YES_ERROR;
				GCC_WARN_UNDECLARED_SELECTOR = YES;
				GCC_WARN_UNINITIALIZED_AUTOS = YES_AGGRESSIVE;
				GCC_WARN_UNUSED_FUNCTION = YES;
				GCC_WARN_UNUSED_VARIABLE = YES;
				IPHONEOS_DEPLOYMENT_TARGET = 16.2;
				MTL_ENABLE_DEBUG_INFO = NO;
				MTL_FAST_MATH = YES;
				SDKROOT = iphoneos;
				SWIFT_COMPILATION_MODE = wholemodule;
				SWIFT_OPTIMIZATION_LEVEL = "-O";
				VALIDATE_PRODUCT = YES;
			};
			name = Release;
		};
		C2E6B1402A20D6B6000CFB73 /* Debug */ = {
			isa = XCBuildConfiguration;
			buildSettings = {
				ASSETCATALOG_COMPILER_APPICON_NAME = AppIcon;
				ASSETCATALOG_COMPILER_GLOBAL_ACCENT_COLOR_NAME = AccentColor;
				CODE_SIGN_STYLE = Automatic;
				CURRENT_PROJECT_VERSION = 1;
				DEVELOPMENT_TEAM = CWM36AT76J;
				GENERATE_INFOPLIST_FILE = YES;
				INFOPLIST_FILE = GitHubExample/Info.plist;
				INFOPLIST_KEY_UIApplicationSupportsIndirectInputEvents = YES;
				INFOPLIST_KEY_UILaunchStoryboardName = LaunchScreen;
				INFOPLIST_KEY_UIMainStoryboardFile = Main;
				INFOPLIST_KEY_UISupportedInterfaceOrientations_iPad = "UIInterfaceOrientationPortrait UIInterfaceOrientationPortraitUpsideDown UIInterfaceOrientationLandscapeLeft UIInterfaceOrientationLandscapeRight";
				INFOPLIST_KEY_UISupportedInterfaceOrientations_iPhone = "UIInterfaceOrientationPortrait UIInterfaceOrientationLandscapeLeft UIInterfaceOrientationLandscapeRight";
				LD_RUNPATH_SEARCH_PATHS = (
					"$(inherited)",
					"@executable_path/Frameworks",
				);
				MARKETING_VERSION = 1.0;
				PRODUCT_BUNDLE_IDENTIFIER = br.com.sdk.phep.GitHubExample;
				PRODUCT_NAME = "$(TARGET_NAME)";
				SWIFT_EMIT_LOC_STRINGS = YES;
				SWIFT_VERSION = 5.0;
				TARGETED_DEVICE_FAMILY = "1,2";
			};
			name = Debug;
		};
		C2E6B1412A20D6B6000CFB73 /* Release */ = {
			isa = XCBuildConfiguration;
			buildSettings = {
				ASSETCATALOG_COMPILER_APPICON_NAME = AppIcon;
				ASSETCATALOG_COMPILER_GLOBAL_ACCENT_COLOR_NAME = AccentColor;
				CODE_SIGN_STYLE = Automatic;
				CURRENT_PROJECT_VERSION = 1;
				DEVELOPMENT_TEAM = CWM36AT76J;
				GENERATE_INFOPLIST_FILE = YES;
				INFOPLIST_FILE = GitHubExample/Info.plist;
				INFOPLIST_KEY_UIApplicationSupportsIndirectInputEvents = YES;
				INFOPLIST_KEY_UILaunchStoryboardName = LaunchScreen;
				INFOPLIST_KEY_UIMainStoryboardFile = Main;
				INFOPLIST_KEY_UISupportedInterfaceOrientations_iPad = "UIInterfaceOrientationPortrait UIInterfaceOrientationPortraitUpsideDown UIInterfaceOrientationLandscapeLeft UIInterfaceOrientationLandscapeRight";
				INFOPLIST_KEY_UISupportedInterfaceOrientations_iPhone = "UIInterfaceOrientationPortrait UIInterfaceOrientationLandscapeLeft UIInterfaceOrientationLandscapeRight";
				LD_RUNPATH_SEARCH_PATHS = (
					"$(inherited)",
					"@executable_path/Frameworks",
				);
				MARKETING_VERSION = 1.0;
				PRODUCT_BUNDLE_IDENTIFIER = br.com.sdk.phep.GitHubExample;
				PRODUCT_NAME = "$(TARGET_NAME)";
				SWIFT_EMIT_LOC_STRINGS = YES;
				SWIFT_VERSION = 5.0;
				TARGETED_DEVICE_FAMILY = "1,2";
			};
			name = Release;
		};
		C2E6B1432A20D6B6000CFB73 /* Debug */ = {
			isa = XCBuildConfiguration;
			buildSettings = {
				ALWAYS_EMBED_SWIFT_STANDARD_LIBRARIES = YES;
				BUNDLE_LOADER = "$(TEST_HOST)";
				CODE_SIGN_STYLE = Automatic;
				CURRENT_PROJECT_VERSION = 1;
				DEVELOPMENT_TEAM = CWM36AT76J;
				GENERATE_INFOPLIST_FILE = YES;
				IPHONEOS_DEPLOYMENT_TARGET = 16.2;
				MARKETING_VERSION = 1.0;
				PRODUCT_BUNDLE_IDENTIFIER = br.com.sdk.phep.GitHubExampleTests;
				PRODUCT_NAME = "$(TARGET_NAME)";
				SWIFT_EMIT_LOC_STRINGS = NO;
				SWIFT_VERSION = 5.0;
				TARGETED_DEVICE_FAMILY = "1,2";
				TEST_HOST = "$(BUILT_PRODUCTS_DIR)/GitHubExample.app/$(BUNDLE_EXECUTABLE_FOLDER_PATH)/GitHubExample";
			};
			name = Debug;
		};
		C2E6B1442A20D6B6000CFB73 /* Release */ = {
			isa = XCBuildConfiguration;
			buildSettings = {
				ALWAYS_EMBED_SWIFT_STANDARD_LIBRARIES = YES;
				BUNDLE_LOADER = "$(TEST_HOST)";
				CODE_SIGN_STYLE = Automatic;
				CURRENT_PROJECT_VERSION = 1;
				DEVELOPMENT_TEAM = CWM36AT76J;
				GENERATE_INFOPLIST_FILE = YES;
				IPHONEOS_DEPLOYMENT_TARGET = 16.2;
				MARKETING_VERSION = 1.0;
				PRODUCT_BUNDLE_IDENTIFIER = br.com.sdk.phep.GitHubExampleTests;
				PRODUCT_NAME = "$(TARGET_NAME)";
				SWIFT_EMIT_LOC_STRINGS = NO;
				SWIFT_VERSION = 5.0;
				TARGETED_DEVICE_FAMILY = "1,2";
				TEST_HOST = "$(BUILT_PRODUCTS_DIR)/GitHubExample.app/$(BUNDLE_EXECUTABLE_FOLDER_PATH)/GitHubExample";
			};
			name = Release;
		};
		C2E6B1462A20D6B6000CFB73 /* Debug */ = {
			isa = XCBuildConfiguration;
			buildSettings = {
				ALWAYS_EMBED_SWIFT_STANDARD_LIBRARIES = YES;
				CODE_SIGN_STYLE = Automatic;
				CURRENT_PROJECT_VERSION = 1;
				DEVELOPMENT_TEAM = CWM36AT76J;
				GENERATE_INFOPLIST_FILE = YES;
				MARKETING_VERSION = 1.0;
				PRODUCT_BUNDLE_IDENTIFIER = br.com.sdk.phep.GitHubExampleUITests;
				PRODUCT_NAME = "$(TARGET_NAME)";
				SWIFT_EMIT_LOC_STRINGS = NO;
				SWIFT_VERSION = 5.0;
				TARGETED_DEVICE_FAMILY = "1,2";
				TEST_TARGET_NAME = GitHubExample;
			};
			name = Debug;
		};
		C2E6B1472A20D6B6000CFB73 /* Release */ = {
			isa = XCBuildConfiguration;
			buildSettings = {
				ALWAYS_EMBED_SWIFT_STANDARD_LIBRARIES = YES;
				CODE_SIGN_STYLE = Automatic;
				CURRENT_PROJECT_VERSION = 1;
				DEVELOPMENT_TEAM = CWM36AT76J;
				GENERATE_INFOPLIST_FILE = YES;
				MARKETING_VERSION = 1.0;
				PRODUCT_BUNDLE_IDENTIFIER = br.com.sdk.phep.GitHubExampleUITests;
				PRODUCT_NAME = "$(TARGET_NAME)";
				SWIFT_EMIT_LOC_STRINGS = NO;
				SWIFT_VERSION = 5.0;
				TARGETED_DEVICE_FAMILY = "1,2";
				TEST_TARGET_NAME = GitHubExample;
			};
			name = Release;
		};
/* End XCBuildConfiguration section */

/* Begin XCConfigurationList section */
		C2E6B1102A20D6B5000CFB73 /* Build configuration list for PBXProject "GitHubExample" */ = {
			isa = XCConfigurationList;
			buildConfigurations = (
				C2E6B13D2A20D6B6000CFB73 /* Debug */,
				C2E6B13E2A20D6B6000CFB73 /* Release */,
			);
			defaultConfigurationIsVisible = 0;
			defaultConfigurationName = Release;
		};
		C2E6B13F2A20D6B6000CFB73 /* Build configuration list for PBXNativeTarget "GitHubExample" */ = {
			isa = XCConfigurationList;
			buildConfigurations = (
				C2E6B1402A20D6B6000CFB73 /* Debug */,
				C2E6B1412A20D6B6000CFB73 /* Release */,
			);
			defaultConfigurationIsVisible = 0;
			defaultConfigurationName = Release;
		};
		C2E6B1422A20D6B6000CFB73 /* Build configuration list for PBXNativeTarget "GitHubExampleTests" */ = {
			isa = XCConfigurationList;
			buildConfigurations = (
				C2E6B1432A20D6B6000CFB73 /* Debug */,
				C2E6B1442A20D6B6000CFB73 /* Release */,
			);
			defaultConfigurationIsVisible = 0;
			defaultConfigurationName = Release;
		};
		C2E6B1452A20D6B6000CFB73 /* Build configuration list for PBXNativeTarget "GitHubExampleUITests" */ = {
			isa = XCConfigurationList;
			buildConfigurations = (
				C2E6B1462A20D6B6000CFB73 /* Debug */,
				C2E6B1472A20D6B6000CFB73 /* Release */,
			);
			defaultConfigurationIsVisible = 0;
			defaultConfigurationName = Release;
		};
/* End XCConfigurationList section */
	};
	rootObject = C2E6B10D2A20D6B5000CFB73 /* Project object */;
}
